# THIS IS AN AUTOGENERATED FILE. DO NOT EDIT THIS FILE DIRECTLY.
# yarn lockfile v1


"@vercel/ncc@^0.29.0":
  version "0.29.0"
  resolved "https://registry.yarnpkg.com/@vercel/ncc/-/ncc-0.29.0.tgz#ac23fc23f1593b05c72360108bcf6d849d2f317a"
  integrity sha512-p+sB835wOSDdgm2mgFgSOcXJF84AqZ+vBEnnGS0sm8veA92Hia7sqH0qEnqeFilPl+cXtxbdh2er+WdlfbVCZA==
