# THIS IS AN AUTOGENERATED FILE. DO NOT EDIT THIS FILE DIRECTLY.
# yarn lockfile v1


"@date-io/core@^1.3.13":
  version "1.3.13"
  resolved "https://registry.yarnpkg.com/@date-io/core/-/core-1.3.13.tgz#90c71da493f20204b7a972929cc5c482d078b3fa"
  integrity sha512-AlEKV7TxjeK+jxWVKcCFrfYAk8spX9aCyiToFIiLPtfQbsjmRGLIhb5VZgptQcJdHtLXo7+m0DuurwFgUToQuA==

"@date-io/date-fns@1.x":
  version "1.3.13"
  resolved "https://registry.yarnpkg.com/@date-io/date-fns/-/date-fns-1.3.13.tgz#7798844041640ab393f7e21a7769a65d672f4735"
  integrity sha512-yXxGzcRUPcogiMj58wVgFjc9qUYrCnnU9eLcyNbsQCmae4jPuZCDoIBR21j8ZURsM7GRtU62VOw5yNd4dDHunA==
  dependencies:
    "@date-io/core" "^1.3.13"

"@date-io/luxon@1.x":
  version "1.3.13"
  resolved "https://registry.yarnpkg.com/@date-io/luxon/-/luxon-1.3.13.tgz#68f0134bb38ef486b2ed6df01981f814c633e28a"
  integrity sha512-9wUrJCNSMZJeYAiH+dbb45oGpnHeFP7TOH/Lt26If47gjFCkjvyINzWx+K5AGsnlP0Qosxc7hkF1yLi6ecutxw==
  dependencies:
    "@date-io/core" "^1.3.13"

luxon@^2.1.1:
  version "2.1.1"
  resolved "https://registry.yarnpkg.com/luxon/-/luxon-2.1.1.tgz#34052f7a33a7989767637be7cf80b47db264ff88"
  integrity sha512-6VQVNw7+kQu3hL1ZH5GyOhnk8uZm21xS7XJ/6vDZaFNcb62dpFDKcH8TI5NkoZOdMRxr7af7aYGrJlE/Wv0i1w==
