# This file is automatically @generated by Poetry 1.8.5 and should not be changed by hand.

[[package]]
name = "python-decouple"
version = "3.8"
description = "Strict separation of settings from code."
optional = false
python-versions = "*"
files = [
    {file = "python-decouple-3.8.tar.gz", hash = "sha256:ba6e2657d4f376ecc46f77a3a615e058d93ba5e465c01bbe57289bfb7cce680f"},
    {file = "python_decouple-3.8-py3-none-any.whl", hash = "sha256:d0d45340815b25f4de59c974b855bb38d03151d81b037d9e3f463b0c9f8cbd66"},
]

[metadata]
lock-version = "2.0"
python-versions = ">=3.12"
content-hash = "594b6a97be3158ae820092c0e35f4906e756cd76ac0378445fb16f0aa15ef5f9"
	